#MicroXplorer Configuration settings - do not modify
Mcu.Family=STM32F4
ProjectManager.MainLocation=Core/Src
ProjectManager.ProjectFileName=LCD.ioc
RCC.CortexFreq_Value=16000000
PE14.GPIOParameters=GPIO_Label
PD9.GPIO_Label=lcd_d7
ProjectManager.KeepUserCode=true
PE11.GPIOParameters=GPIO_Label
Mcu.UserName=STM32F407VGTx
Mcu.PinsNb=11
PD9.GPIOParameters=GPIO_Label
ProjectManager.NoMain=false
PE11.GPIO_Label=lcd_d0
RCC.PLLCLKFreq_Value=96000000
RCC.PLLQCLKFreq_Value=48000000
ProjectManager.functionlistsort=1-SystemClock_Config-RCC-false-HAL-false
PD8.Locked=true
PD7.Signal=GPIO_Output
RCC.RTCFreq_Value=32000
ProjectManager.DefaultFWLocation=true
PE14.GPIO_Label=lcd_d3
PD9.Signal=GPIO_Output
ProjectManager.DeletePrevious=true
PinOutPanel.RotationAngle=0
RCC.FamilyName=M
ProjectManager.StackSize=0x400
PE15.GPIOParameters=GPIO_Label
PD8.GPIO_Label=lcd_d6
PD10.Signal=GPIO_Output
NVIC.SVCall_IRQn=true\:0\:0\:false\:false\:true\:false\:false
Mcu.IP2=SYS
Mcu.IP0=NVIC
Mcu.IP1=RCC
PE15.GPIO_Label=lcd_d4
Mcu.UserConstants=
ProjectManager.TargetToolchain=STM32CubeIDE
Mcu.ThirdPartyNb=0
Mcu.IPNb=3
RCC.I2SClocksFreq_Value=96000000
ProjectManager.PreviousToolchain=
RCC.VcooutputI2S=96000000
PD8.GPIOParameters=GPIO_Label
Mcu.Pin6=PD8
PD8.Signal=GPIO_Output
Mcu.Pin7=PD9
ProjectManager.RegisterCallBack=
Mcu.Pin8=PD10
Mcu.Pin9=PD7
PD10.GPIO_Label=lcd_rs
RCC.LSE_VALUE=32768
PD7.Locked=true
PE11.Signal=GPIO_Output
RCC.AHBFreq_Value=16000000
Mcu.Pin0=PH1-OSC_OUT
Mcu.Pin1=PE11
PE14.Locked=true
Mcu.Pin2=PE12
Mcu.Pin3=PE13
Mcu.Pin4=PE14
PD10.GPIOParameters=GPIO_Label
RCC.VCOI2SOutputFreq_Value=192000000
Mcu.Pin5=PE15
ProjectManager.ProjectBuild=false
RCC.HSE_VALUE=25000000
PE13.GPIOParameters=GPIO_Label
NVIC.UsageFault_IRQn=true\:0\:0\:false\:false\:true\:false\:false
NVIC.DebugMonitor_IRQn=true\:0\:0\:false\:false\:true\:false\:false
board=custom
RCC.VCOOutputFreq_Value=192000000
NVIC.SysTick_IRQn=true\:0\:0\:false\:false\:true\:false\:true
ProjectManager.LastFirmware=true
ProjectManager.FirmwarePackage=STM32Cube FW_F4 V1.26.0
MxDb.Version=DB.6.0.20
PE15.Locked=true
RCC.APB2Freq_Value=16000000
PE14.Signal=GPIO_Output
PE13.Signal=GPIO_Output
PE15.Signal=GPIO_Output
ProjectManager.BackupPrevious=false
MxCube.Version=6.2.0
RCC.VCOInputFreq_Value=1000000
File.Version=6
VP_SYS_VS_Systick.Mode=SysTick
PH1-OSC_OUT.Locked=true
PH1-OSC_OUT.Signal=GPIO_Output
NVIC.NonMaskableInt_IRQn=true\:0\:0\:false\:false\:true\:false\:false
NVIC.PendSV_IRQn=true\:0\:0\:false\:false\:true\:false\:false
PH1-OSC_OUT.GPIO_Label=lcd_en
ProjectManager.FreePins=false
RCC.IPParameters=AHBFreq_Value,APB1Freq_Value,APB2Freq_Value,CortexFreq_Value,FamilyName,HSE_VALUE,HSI_VALUE,I2SClocksFreq_Value,LSE_VALUE,LSI_VALUE,PLLCLKFreq_Value,PLLQCLKFreq_Value,RTCFreq_Value,RTCHSEDivFreq_Value,SYSCLKFreq_VALUE,VCOI2SOutputFreq_Value,VCOInputFreq_Value,VCOOutputFreq_Value,VcooutputI2S
PE11.Locked=true
ProjectManager.AskForMigrate=true
Mcu.Name=STM32F407V(E-G)Tx
ProjectManager.HalAssertFull=false
PE12.Signal=GPIO_Output
RCC.RTCHSEDivFreq_Value=12500000
ProjectManager.ProjectName=LCD
ProjectManager.UnderRoot=true
PE13.Locked=true
PD7.GPIO_Label=lcd_d5
ProjectManager.CoupleFile=false
RCC.SYSCLKFreq_VALUE=16000000
Mcu.Package=LQFP100
PE13.GPIO_Label=lcd_d2
PD10.Locked=true
NVIC.ForceEnableDMAVector=true
KeepUserPlacement=false
NVIC.MemoryManagement_IRQn=true\:0\:0\:false\:false\:true\:false\:false
PH1-OSC_OUT.GPIOParameters=GPIO_Label
ProjectManager.CompilerOptimize=6
ProjectManager.ToolChainLocation=
RCC.LSI_VALUE=32000
VP_SYS_VS_Systick.Signal=SYS_VS_Systick
PE12.GPIO_Label=lcd_d1
ProjectManager.HeapSize=0x200
NVIC.HardFault_IRQn=true\:0\:0\:false\:false\:true\:false\:false
ProjectManager.ComputerToolchain=false
RCC.HSI_VALUE=16000000
NVIC.PriorityGroup=NVIC_PRIORITYGROUP_4
Mcu.Pin10=VP_SYS_VS_Systick
NVIC.BusFault_IRQn=true\:0\:0\:false\:false\:true\:false\:false
PE12.GPIOParameters=GPIO_Label
PD9.Locked=true
RCC.APB1Freq_Value=16000000
PE12.Locked=true
ProjectManager.CustomerFirmwarePackage=
ProjectManager.DeviceId=STM32F407VGTx
PD7.GPIOParameters=GPIO_Label
ProjectManager.LibraryCopy=1
isbadioc=false
